
Microsoft Visual Studio Solution File, Format Version 12.00
# Visual Studio Version 17
VisualStudioVersion = 17.14.36616.10 d17.14
MinimumVisualStudioVersion = 10.0.40219.1
Project("{FAE04EC0-301F-11D3-BF4B-00C04F79EFBC}") = "TPI-BDI-Grupo17", "TPI-BDI-Grupo17\TPI-BDI-Grupo17.csproj", "{DC117A91-8E77-43D7-AC19-1ACF4F52C2D6}"
EndProject
Global
	GlobalSection(SolutionConfigurationPlatforms) = preSolution
		Debug|Any CPU = Debug|Any CPU
		Release|Any CPU = Release|Any CPU
	EndGlobalSection
	GlobalSection(ProjectConfigurationPlatforms) = postSolution
		{DC117A91-8E77-43D7-AC19-1ACF4F52C2D6}.Debug|Any CPU.ActiveCfg = Debug|Any CPU
		{DC117A91-8E77-43D7-AC19-1ACF4F52C2D6}.Debug|Any CPU.Build.0 = Debug|Any CPU
		{DC117A91-8E77-43D7-AC19-1ACF4F52C2D6}.Release|Any CPU.ActiveCfg = Release|Any CPU
		{DC117A91-8E77-43D7-AC19-1ACF4F52C2D6}.Release|Any CPU.Build.0 = Release|Any CPU
	EndGlobalSection
	GlobalSection(SolutionProperties) = preSolution
		HideSolutionNode = FALSE
	EndGlobalSection
	GlobalSection(ExtensibilityGlobals) = postSolution
		SolutionGuid = {D7348956-E7D0-4EAC-8520-0946E1436480}
	EndGlobalSection
EndGlobal
